
Microsoft Visual Studio Solution File, Format Version 12.00
# Visual Studio Version 17
VisualStudioVersion = 17.0.32126.317
MinimumVisualStudioVersion = 10.0.40219.1
Project("{FAE04EC0-301F-11D3-BF4B-00C04F79EFBC}") = "CircleGeneratorWPF", "CircleGeneratorWPF\CircleGeneratorWPF.csproj", "{9FA808F1-BD3B-4E48-8DA8-B1FEFE83171F}"
EndProject
Global
	GlobalSection(SolutionConfigurationPlatforms) = preSolution
		Debug|Any CPU = Debug|Any CPU
		Release|Any CPU = Release|Any CPU
	EndGlobalSection
	GlobalSection(ProjectConfigurationPlatforms) = postSolution
		{9FA808F1-BD3B-4E48-8DA8-B1FEFE83171F}.Debug|Any CPU.ActiveCfg = Debug|Any CPU
		{9FA808F1-BD3B-4E48-8DA8-B1FEFE83171F}.Debug|Any CPU.Build.0 = Debug|Any CPU
		{9FA808F1-BD3B-4E48-8DA8-B1FEFE83171F}.Release|Any CPU.ActiveCfg = Release|Any CPU
		{9FA808F1-BD3B-4E48-8DA8-B1FEFE83171F}.Release|Any CPU.Build.0 = Release|Any CPU
	EndGlobalSection
	GlobalSection(SolutionProperties) = preSolution
		HideSolutionNode = FALSE
	EndGlobalSection
	GlobalSection(ExtensibilityGlobals) = postSolution
		SolutionGuid = {E6D68C9C-F3B3-407A-88AB-0960FB8C51FF}
	EndGlobalSection
EndGlobal
